
Microsoft Visual Studio Solution File, Format Version 12.00
# Visual Studio Version 17
VisualStudioVersion = 17.4.33213.308
MinimumVisualStudioVersion = 10.0.40219.1
Project("{8BC9CEB8-8B4A-11D0-8D11-00A0C91BC942}") = "HelloCStudy", "HelloCStudy\HelloCStudy.vcxproj", "{9466E17C-3A59-4773-AE92-06AA270BD6C0}"
EndProject
Global
	GlobalSection(SolutionConfigurationPlatforms) = preSolution
		Debug|x64 = Debug|x64
		Debug|x86 = Debug|x86
		Release|x64 = Release|x64
		Release|x86 = Release|x86
	EndGlobalSection
	GlobalSection(ProjectConfigurationPlatforms) = postSolution
		{9466E17C-3A59-4773-AE92-06AA270BD6C0}.Debug|x64.ActiveCfg = Debug|x64
		{9466E17C-3A59-4773-AE92-06AA270BD6C0}.Debug|x64.Build.0 = Debug|x64
		{9466E17C-3A59-4773-AE92-06AA270BD6C0}.Debug|x86.ActiveCfg = Debug|Win32
		{9466E17C-3A59-4773-AE92-06AA270BD6C0}.Debug|x86.Build.0 = Debug|Win32
		{9466E17C-3A59-4773-AE92-06AA270BD6C0}.Release|x64.ActiveCfg = Release|x64
		{9466E17C-3A59-4773-AE92-06AA270BD6C0}.Release|x64.Build.0 = Release|x64
		{9466E17C-3A59-4773-AE92-06AA270BD6C0}.Release|x86.ActiveCfg = Release|Win32
		{9466E17C-3A59-4773-AE92-06AA270BD6C0}.Release|x86.Build.0 = Release|Win32
	EndGlobalSection
	GlobalSection(SolutionProperties) = preSolution
		HideSolutionNode = FALSE
	EndGlobalSection
	GlobalSection(ExtensibilityGlobals) = postSolution
		SolutionGuid = {F995ED9D-3034-414B-8D46-348D6CDD0A3C}
	EndGlobalSection
EndGlobal
