
Microsoft Visual Studio Solution File, Format Version 12.00
# Visual Studio Version 17
VisualStudioVersion = 17.4.33213.308
MinimumVisualStudioVersion = 10.0.40219.1
Project("{8BC9CEB8-8B4A-11D0-8D11-00A0C91BC942}") = "ReviewCLang", "ReviewCLang\ReviewCLang.vcxproj", "{D2067EB4-A4BC-47D3-BB95-FEC00FA6D95C}"
EndProject
Global
	GlobalSection(SolutionConfigurationPlatforms) = preSolution
		Debug|x64 = Debug|x64
		Debug|x86 = Debug|x86
		Release|x64 = Release|x64
		Release|x86 = Release|x86
	EndGlobalSection
	GlobalSection(ProjectConfigurationPlatforms) = postSolution
		{D2067EB4-A4BC-47D3-BB95-FEC00FA6D95C}.Debug|x64.ActiveCfg = Debug|x64
		{D2067EB4-A4BC-47D3-BB95-FEC00FA6D95C}.Debug|x64.Build.0 = Debug|x64
		{D2067EB4-A4BC-47D3-BB95-FEC00FA6D95C}.Debug|x86.ActiveCfg = Debug|Win32
		{D2067EB4-A4BC-47D3-BB95-FEC00FA6D95C}.Debug|x86.Build.0 = Debug|Win32
		{D2067EB4-A4BC-47D3-BB95-FEC00FA6D95C}.Release|x64.ActiveCfg = Release|x64
		{D2067EB4-A4BC-47D3-BB95-FEC00FA6D95C}.Release|x64.Build.0 = Release|x64
		{D2067EB4-A4BC-47D3-BB95-FEC00FA6D95C}.Release|x86.ActiveCfg = Release|Win32
		{D2067EB4-A4BC-47D3-BB95-FEC00FA6D95C}.Release|x86.Build.0 = Release|Win32
	EndGlobalSection
	GlobalSection(SolutionProperties) = preSolution
		HideSolutionNode = FALSE
	EndGlobalSection
	GlobalSection(ExtensibilityGlobals) = postSolution
		SolutionGuid = {51F154E8-87B6-4AF3-897B-A2E9FE5AA23F}
	EndGlobalSection
EndGlobal
