
Microsoft Visual Studio Solution File, Format Version 12.00
# Visual Studio Version 17
VisualStudioVersion = 17.4.33213.308
MinimumVisualStudioVersion = 10.0.40219.1
Project("{FAE04EC0-301F-11D3-BF4B-00C04F79EFBC}") = "HelloCSharp", "HelloCSharp\HelloCSharp.csproj", "{F499372E-219F-420F-AD97-372A21C52367}"
EndProject
Project("{FAE04EC0-301F-11D3-BF4B-00C04F79EFBC}") = "MyFirstConsole", "MyFirstConsole\MyFirstConsole.csproj", "{8348A26E-30D8-4E90-A02C-3AF96361BE15}"
EndProject
Global
	GlobalSection(SolutionConfigurationPlatforms) = preSolution
		Debug|Any CPU = Debug|Any CPU
		Release|Any CPU = Release|Any CPU
	EndGlobalSection
	GlobalSection(ProjectConfigurationPlatforms) = postSolution
		{F499372E-219F-420F-AD97-372A21C52367}.Debug|Any CPU.ActiveCfg = Debug|Any CPU
		{F499372E-219F-420F-AD97-372A21C52367}.Debug|Any CPU.Build.0 = Debug|Any CPU
		{F499372E-219F-420F-AD97-372A21C52367}.Release|Any CPU.ActiveCfg = Release|Any CPU
		{F499372E-219F-420F-AD97-372A21C52367}.Release|Any CPU.Build.0 = Release|Any CPU
		{8348A26E-30D8-4E90-A02C-3AF96361BE15}.Debug|Any CPU.ActiveCfg = Debug|Any CPU
		{8348A26E-30D8-4E90-A02C-3AF96361BE15}.Debug|Any CPU.Build.0 = Debug|Any CPU
		{8348A26E-30D8-4E90-A02C-3AF96361BE15}.Release|Any CPU.ActiveCfg = Release|Any CPU
		{8348A26E-30D8-4E90-A02C-3AF96361BE15}.Release|Any CPU.Build.0 = Release|Any CPU
	EndGlobalSection
	GlobalSection(SolutionProperties) = preSolution
		HideSolutionNode = FALSE
	EndGlobalSection
	GlobalSection(ExtensibilityGlobals) = postSolution
		SolutionGuid = {ECFD9691-213A-421E-A5FA-AE2B03D9BB79}
	EndGlobalSection
EndGlobal
